// !$*UTF8*$!
{
	archiveVersion = 1;
	classes = {
	};
	objectVersion = 56;
	objects = {

/* Begin PBXBuildFile section */
		F4739DD52B5E765B00133461 /* main.cpp in Sources */ = {isa = PBXBuildFile; fileRef = F4739DD42B5E765B00133461 /* main.cpp */; };
		F4739DDD2B5E779F00133461 /* user.cpp in Sources */ = {isa = PBXBuildFile; fileRef = F4739DDB2B5E779F00133461 /* user.cpp */; };
		F4739DE02B5E7C0B00133461 /* database.cpp in Sources */ = {isa = PBXBuildFile; fileRef = F4739DDE2B5E7C0B00133461 /* database.cpp */; };
		F4739DE42B5F1B6D00133461 /* userinput.cpp in Sources */ = {isa = PBXBuildFile; fileRef = F4739DE22B5F1B6D00133461 /* userinput.cpp */; };
		F4739DE72B5FEC7C00133461 /* displayMenu.cpp in Sources */ = {isa = PBXBuildFile; fileRef = F4739DE52B5FEC7C00133461 /* displayMenu.cpp */; };
		F4739DEA2B612DB700133461 /* car.cpp in Sources */ = {isa = PBXBuildFile; fileRef = F4739DE82B612DB700133461 /* car.cpp */; };
/* End PBXBuildFile section */

/* Begin PBXCopyFilesBuildPhase section */
		F4739DCF2B5E765B00133461 /* CopyFiles */ = {
			isa = PBXCopyFilesBuildPhase;
			buildActionMask = 2147483647;
			dstPath = /usr/share/man/man1/;
			dstSubfolderSpec = 0;
			files = (
			);
			runOnlyForDeploymentPostprocessing = 1;
		};
/* End PBXCopyFilesBuildPhase section */

/* Begin PBXFileReference section */
		F4739DD12B5E765B00133461 /* Bertz */ = {isa = PBXFileReference; explicitFileType = "compiled.mach-o.executable"; includeInIndex = 0; path = Bertz; sourceTree = BUILT_PRODUCTS_DIR; };
		F4739DD42B5E765B00133461 /* main.cpp */ = {isa = PBXFileReference; lastKnownFileType = sourcecode.cpp.cpp; path = main.cpp; sourceTree = "<group>"; };
		F4739DDB2B5E779F00133461 /* user.cpp */ = {isa = PBXFileReference; lastKnownFileType = sourcecode.cpp.cpp; path = user.cpp; sourceTree = "<group>"; };
		F4739DDC2B5E779F00133461 /* user.hpp */ = {isa = PBXFileReference; lastKnownFileType = sourcecode.cpp.h; path = user.hpp; sourceTree = "<group>"; };
		F4739DDE2B5E7C0B00133461 /* database.cpp */ = {isa = PBXFileReference; lastKnownFileType = sourcecode.cpp.cpp; path = database.cpp; sourceTree = "<group>"; };
		F4739DDF2B5E7C0B00133461 /* database.hpp */ = {isa = PBXFileReference; lastKnownFileType = sourcecode.cpp.h; path = database.hpp; sourceTree = "<group>"; };
		F4739DE22B5F1B6D00133461 /* userinput.cpp */ = {isa = PBXFileReference; lastKnownFileType = sourcecode.cpp.cpp; path = userinput.cpp; sourceTree = "<group>"; };
		F4739DE32B5F1B6D00133461 /* userinput.hpp */ = {isa = PBXFileReference; lastKnownFileType = sourcecode.cpp.h; path = userinput.hpp; sourceTree = "<group>"; };
		F4739DE52B5FEC7C00133461 /* displayMenu.cpp */ = {isa = PBXFileReference; lastKnownFileType = sourcecode.cpp.cpp; path = displayMenu.cpp; sourceTree = "<group>"; };
		F4739DE62B5FEC7C00133461 /* displayMenu.hpp */ = {isa = PBXFileReference; lastKnownFileType = sourcecode.cpp.h; path = displayMenu.hpp; sourceTree = "<group>"; };
		F4739DE82B612DB700133461 /* car.cpp */ = {isa = PBXFileReference; lastKnownFileType = sourcecode.cpp.cpp; path = car.cpp; sourceTree = "<group>"; };
		F4739DE92B612DB700133461 /* car.hpp */ = {isa = PBXFileReference; lastKnownFileType = sourcecode.cpp.h; path = car.hpp; sourceTree = "<group>"; };
/* End PBXFileReference section */

/* Begin PBXFrameworksBuildPhase section */
		F4739DCE2B5E765B00133461 /* Frameworks */ = {
			isa = PBXFrameworksBuildPhase;
			buildActionMask = 2147483647;
			files = (
			);
			runOnlyForDeploymentPostprocessing = 0;
		};
/* End PBXFrameworksBuildPhase section */

/* Begin PBXGroup section */
		F4739DC82B5E765B00133461 = {
			isa = PBXGroup;
			children = (
				F4739DE82B612DB700133461 /* car.cpp */,
				F4739DE92B612DB700133461 /* car.hpp */,
				F4739DE52B5FEC7C00133461 /* displayMenu.cpp */,
				F4739DE62B5FEC7C00133461 /* displayMenu.hpp */,
				F4739DE22B5F1B6D00133461 /* userinput.cpp */,
				F4739DE32B5F1B6D00133461 /* userinput.hpp */,
				F4739DDE2B5E7C0B00133461 /* database.cpp */,
				F4739DDF2B5E7C0B00133461 /* database.hpp */,
				F4739DDB2B5E779F00133461 /* user.cpp */,
				F4739DDC2B5E779F00133461 /* user.hpp */,
				F4739DD42B5E765B00133461 /* main.cpp */,
				F4739DD22B5E765B00133461 /* Products */,
			);
			sourceTree = "<group>";
		};
		F4739DD22B5E765B00133461 /* Products */ = {
			isa = PBXGroup;
			children = (
				F4739DD12B5E765B00133461 /* Bertz */,
			);
			name = Products;
			sourceTree = "<group>";
		};
/* End PBXGroup section */

/* Begin PBXNativeTarget section */
		F4739DD02B5E765B00133461 /* Bertz */ = {
			isa = PBXNativeTarget;
			buildConfigurationList = F4739DD82B5E765B00133461 /* Build configuration list for PBXNativeTarget "Bertz" */;
			buildPhases = (
				F4739DCD2B5E765B00133461 /* Sources */,
				F4739DCE2B5E765B00133461 /* Frameworks */,
				F4739DCF2B5E765B00133461 /* CopyFiles */,
			);
			buildRules = (
			);
			dependencies = (
			);
			name = Bertz;
			productName = Bertz;
			productReference = F4739DD12B5E765B00133461 /* Bertz */;
			productType = "com.apple.product-type.tool";
		};
/* End PBXNativeTarget section */

/* Begin PBXProject section */
		F4739DC92B5E765B00133461 /* Project object */ = {
			isa = PBXProject;
			attributes = {
				BuildIndependentTargetsInParallel = 1;
				LastUpgradeCheck = 1520;
				TargetAttributes = {
					F4739DD02B5E765B00133461 = {
						CreatedOnToolsVersion = 15.2;
					};
				};
			};
			buildConfigurationList = F4739DCC2B5E765B00133461 /* Build configuration list for PBXProject "Bertz" */;
			compatibilityVersion = "Xcode 14.0";
			developmentRegion = en;
			hasScannedForEncodings = 0;
			knownRegions = (
				en,
				Base,
			);
			mainGroup = F4739DC82B5E765B00133461;
			productRefGroup = F4739DD22B5E765B00133461 /* Products */;
			projectDirPath = "";
			projectRoot = "";
			targets = (
				F4739DD02B5E765B00133461 /* Bertz */,
			);
		};
/* End PBXProject section */

/* Begin PBXSourcesBuildPhase section */
		F4739DCD2B5E765B00133461 /* Sources */ = {
			isa = PBXSourcesBuildPhase;
			buildActionMask = 2147483647;
			files = (
				F4739DEA2B612DB700133461 /* car.cpp in Sources */,
				F4739DDD2B5E779F00133461 /* user.cpp in Sources */,
				F4739DE42B5F1B6D00133461 /* userinput.cpp in Sources */,
				F4739DE72B5FEC7C00133461 /* displayMenu.cpp in Sources */,
				F4739DD52B5E765B00133461 /* main.cpp in Sources */,
				F4739DE02B5E7C0B00133461 /* database.cpp in Sources */,
			);
			runOnlyForDeploymentPostprocessing = 0;
		};
/* End PBXSourcesBuildPhase section */

/* Begin XCBuildConfiguration section */
		F4739DD62B5E765B00133461 /* Debug */ = {
			isa = XCBuildConfiguration;
			buildSettings = {
				ALWAYS_SEARCH_USER_PATHS = NO;
				ASSETCATALOG_COMPILER_GENERATE_SWIFT_ASSET_SYMBOL_EXTENSIONS = YES;
				CLANG_ANALYZER_NONNULL = YES;
				CLANG_ANALYZER_NUMBER_OBJECT_CONVERSION = YES_AGGRESSIVE;
				CLANG_CXX_LANGUAGE_STANDARD = "gnu++20";
				CLANG_ENABLE_MODULES = YES;
				CLANG_ENABLE_OBJC_ARC = YES;
				CLANG_ENABLE_OBJC_WEAK = YES;
				CLANG_WARN_BLOCK_CAPTURE_AUTORELEASING = YES;
				CLANG_WARN_BOOL_CONVERSION = YES;
				CLANG_WARN_COMMA = YES;
				CLANG_WARN_CONSTANT_CONVERSION = YES;
				CLANG_WARN_DEPRECATED_OBJC_IMPLEMENTATIONS = YES;
				CLANG_WARN_DIRECT_OBJC_ISA_USAGE = YES_ERROR;
				CLANG_WARN_DOCUMENTATION_COMMENTS = YES;
				CLANG_WARN_EMPTY_BODY = YES;
				CLANG_WARN_ENUM_CONVERSION = YES;
				CLANG_WARN_INFINITE_RECURSION = YES;
				CLANG_WARN_INT_CONVERSION = YES;
				CLANG_WARN_NON_LITERAL_NULL_CONVERSION = YES;
				CLANG_WARN_OBJC_IMPLICIT_RETAIN_SELF = YES;
				CLANG_WARN_OBJC_LITERAL_CONVERSION = YES;
				CLANG_WARN_OBJC_ROOT_CLASS = YES_ERROR;
				CLANG_WARN_QUOTED_INCLUDE_IN_FRAMEWORK_HEADER = YES;
				CLANG_WARN_RANGE_LOOP_ANALYSIS = YES;
				CLANG_WARN_STRICT_PROTOTYPES = YES;
				CLANG_WARN_SUSPICIOUS_MOVE = YES;
				CLANG_WARN_UNGUARDED_AVAILABILITY = YES_AGGRESSIVE;
				CLANG_WARN_UNREACHABLE_CODE = YES;
				CLANG_WARN__DUPLICATE_METHOD_MATCH = YES;
				COPY_PHASE_STRIP = NO;
				DEBUG_INFORMATION_FORMAT = dwarf;
				ENABLE_STRICT_OBJC_MSGSEND = YES;
				ENABLE_TESTABILITY = YES;
				ENABLE_USER_SCRIPT_SANDBOXING = YES;
				GCC_C_LANGUAGE_STANDARD = gnu17;
				GCC_DYNAMIC_NO_PIC = NO;
				GCC_NO_COMMON_BLOCKS = YES;
				GCC_OPTIMIZATION_LEVEL = 0;
				GCC_PREPROCESSOR_DEFINITIONS = (
					"DEBUG=1",
					"$(inherited)",
				);
				GCC_WARN_64_TO_32_BIT_CONVERSION = YES;
				GCC_WARN_ABOUT_RETURN_TYPE = YES_ERROR;
				GCC_WARN_UNDECLARED_SELECTOR = YES;
				GCC_WARN_UNINITIALIZED_AUTOS = YES_AGGRESSIVE;
				GCC_WARN_UNUSED_FUNCTION = YES;
				GCC_WARN_UNUSED_VARIABLE = YES;
				LOCALIZATION_PREFERS_STRING_CATALOGS = YES;
				MACOSX_DEPLOYMENT_TARGET = 13.6;
				MTL_ENABLE_DEBUG_INFO = INCLUDE_SOURCE;
				MTL_FAST_MATH = YES;
				ONLY_ACTIVE_ARCH = YES;
				SDKROOT = macosx;
			};
			name = Debug;
		};
		F4739DD72B5E765B00133461 /* Release */ = {
			isa = XCBuildConfiguration;
			buildSettings = {
				ALWAYS_SEARCH_USER_PATHS = NO;
				ASSETCATALOG_COMPILER_GENERATE_SWIFT_ASSET_SYMBOL_EXTENSIONS = YES;
				CLANG_ANALYZER_NONNULL = YES;
				CLANG_ANALYZER_NUMBER_OBJECT_CONVERSION = YES_AGGRESSIVE;
				CLANG_CXX_LANGUAGE_STANDARD = "gnu++20";
				CLANG_ENABLE_MODULES = YES;
				CLANG_ENABLE_OBJC_ARC = YES;
				CLANG_ENABLE_OBJC_WEAK = YES;
				CLANG_WARN_BLOCK_CAPTURE_AUTORELEASING = YES;
				CLANG_WARN_BOOL_CONVERSION = YES;
				CLANG_WARN_COMMA = YES;
				CLANG_WARN_CONSTANT_CONVERSION = YES;
				CLANG_WARN_DEPRECATED_OBJC_IMPLEMENTATIONS = YES;
				CLANG_WARN_DIRECT_OBJC_ISA_USAGE = YES_ERROR;
				CLANG_WARN_DOCUMENTATION_COMMENTS = YES;
				CLANG_WARN_EMPTY_BODY = YES;
				CLANG_WARN_ENUM_CONVERSION = YES;
				CLANG_WARN_INFINITE_RECURSION = YES;
				CLANG_WARN_INT_CONVERSION = YES;
				CLANG_WARN_NON_LITERAL_NULL_CONVERSION = YES;
				CLANG_WARN_OBJC_IMPLICIT_RETAIN_SELF = YES;
				CLANG_WARN_OBJC_LITERAL_CONVERSION = YES;
				CLANG_WARN_OBJC_ROOT_CLASS = YES_ERROR;
				CLANG_WARN_QUOTED_INCLUDE_IN_FRAMEWORK_HEADER = YES;
				CLANG_WARN_RANGE_LOOP_ANALYSIS = YES;
				CLANG_WARN_STRICT_PROTOTYPES = YES;
				CLANG_WARN_SUSPICIOUS_MOVE = YES;
				CLANG_WARN_UNGUARDED_AVAILABILITY = YES_AGGRESSIVE;
				CLANG_WARN_UNREACHABLE_CODE = YES;
				CLANG_WARN__DUPLICATE_METHOD_MATCH = YES;
				COPY_PHASE_STRIP = NO;
				DEBUG_INFORMATION_FORMAT = "dwarf-with-dsym";
				ENABLE_NS_ASSERTIONS = NO;
				ENABLE_STRICT_OBJC_MSGSEND = YES;
				ENABLE_USER_SCRIPT_SANDBOXING = YES;
				GCC_C_LANGUAGE_STANDARD = gnu17;
				GCC_NO_COMMON_BLOCKS = YES;
				GCC_WARN_64_TO_32_BIT_CONVERSION = YES;
				GCC_WARN_ABOUT_RETURN_TYPE = YES_ERROR;
				GCC_WARN_UNDECLARED_SELECTOR = YES;
				GCC_WARN_UNINITIALIZED_AUTOS = YES_AGGRESSIVE;
				GCC_WARN_UNUSED_FUNCTION = YES;
				GCC_WARN_UNUSED_VARIABLE = YES;
				LOCALIZATION_PREFERS_STRING_CATALOGS = YES;
				MACOSX_DEPLOYMENT_TARGET = 13.6;
				MTL_ENABLE_DEBUG_INFO = NO;
				MTL_FAST_MATH = YES;
				SDKROOT = macosx;
			};
			name = Release;
		};
		F4739DD92B5E765B00133461 /* Debug */ = {
			isa = XCBuildConfiguration;
			buildSettings = {
				CODE_SIGN_STYLE = Automatic;
				PRODUCT_NAME = "$(TARGET_NAME)";
			};
			name = Debug;
		};
		F4739DDA2B5E765B00133461 /* Release */ = {
			isa = XCBuildConfiguration;
			buildSettings = {
				CODE_SIGN_STYLE = Automatic;
				PRODUCT_NAME = "$(TARGET_NAME)";
			};
			name = Release;
		};
/* End XCBuildConfiguration section */

/* Begin XCConfigurationList section */
		F4739DCC2B5E765B00133461 /* Build configuration list for PBXProject "Bertz" */ = {
			isa = XCConfigurationList;
			buildConfigurations = (
				F4739DD62B5E765B00133461 /* Debug */,
				F4739DD72B5E765B00133461 /* Release */,
			);
			defaultConfigurationIsVisible = 0;
			defaultConfigurationName = Release;
		};
		F4739DD82B5E765B00133461 /* Build configuration list for PBXNativeTarget "Bertz" */ = {
			isa = XCConfigurationList;
			buildConfigurations = (
				F4739DD92B5E765B00133461 /* Debug */,
				F4739DDA2B5E765B00133461 /* Release */,
			);
			defaultConfigurationIsVisible = 0;
			defaultConfigurationName = Release;
		};
/* End XCConfigurationList section */
	};
	rootObject = F4739DC92B5E765B00133461 /* Project object */;
}
